# THIS IS AN AUTOGENERATED FILE. DO NOT EDIT THIS FILE DIRECTLY.
# yarn lockfile v1


"@remix-run/router@1.9.0":
  version "1.9.0"
  resolved "https://registry.yarnpkg.com/@remix-run/router/-/router-1.9.0.tgz#9033238b41c4cbe1e961eccb3f79e2c588328cf6"
  integrity sha512-bV63itrKBC0zdT27qYm6SDZHlkXwFL1xMBuhkn+X7l0+IIhNaH5wuuvZKp6eKhCD4KFhujhfhCT1YxXW6esUIA==

classnames@^2.2.3:
  version "2.3.2"
  resolved "https://registry.yarnpkg.com/classnames/-/classnames-2.3.2.tgz#351d813bf0137fcc6a76a16b88208d2560a0d924"
  integrity sha512-CSbhY4cFEJRe6/GQzIk5qXZ4Jeg5pcsP7b5peFSDpffpe1cqjASH/n9UTjBwOp6XpMSTwQ8Za2K5V02ueA7Tmw==

react-dropdown@^1.11.0:
  version "1.11.0"
  resolved "https://registry.yarnpkg.com/react-dropdown/-/react-dropdown-1.11.0.tgz#b9576de17efd28e5684d101b3f58dfe784af242c"
  integrity sha512-E2UWetRPxNdIhQahXw6b984ME7WmcgDj9AEAjrtS/oyLCFVo+2qkCfcS06C22JR0Zj+YLnygwv0Ozf6VKKDq7g==
  dependencies:
    classnames "^2.2.3"

react-router-dom@^6.15.0:
  version "6.16.0"
  resolved "https://registry.yarnpkg.com/react-router-dom/-/react-router-dom-6.16.0.tgz#86f24658da35eb66727e75ecbb1a029e33ee39d9"
  integrity sha512-aTfBLv3mk/gaKLxgRDUPbPw+s4Y/O+ma3rEN1u8EgEpLpPe6gNjIsWt9rxushMHHMb7mSwxRGdGlGdvmFsyPIg==
  dependencies:
    "@remix-run/router" "1.9.0"
    react-router "6.16.0"

react-router@6.16.0:
  version "6.16.0"
  resolved "https://registry.yarnpkg.com/react-router/-/react-router-6.16.0.tgz#abbf3d5bdc9c108c9b822a18be10ee004096fb81"
  integrity sha512-VT4Mmc4jj5YyjpOi5jOf0I+TYzGpvzERy4ckNSvSh2RArv8LLoCxlsZ2D+tc7zgjxcY34oTz2hZaeX5RVprKqA==
  dependencies:
    "@remix-run/router" "1.9.0"
